
Microsoft Visual Studio Solution File, Format Version 12.00
# Visual Studio Version 17
VisualStudioVersion = 17.6.33829.357
MinimumVisualStudioVersion = 10.0.40219.1
Project("{FAE04EC0-301F-11D3-BF4B-00C04F79EFBC}") = "WebFinal", "WebFinal.csproj", "{3038CE2B-867B-4834-A8A9-66B3E3CC5319}"
EndProject
Project("{FAE04EC0-301F-11D3-BF4B-00C04F79EFBC}") = "Dominio", "Dominio\Dominio.csproj", "{AFAE588C-6285-4806-83C1-3611F0610812}"
EndProject
Project("{FAE04EC0-301F-11D3-BF4B-00C04F79EFBC}") = "Registro", "Registro\Registro.csproj", "{797C6162-06A2-4B93-8A15-54DF60A74E28}"
EndProject
Global
	GlobalSection(SolutionConfigurationPlatforms) = preSolution
		Debug|Any CPU = Debug|Any CPU
		Release|Any CPU = Release|Any CPU
	EndGlobalSection
	GlobalSection(ProjectConfigurationPlatforms) = postSolution
		{3038CE2B-867B-4834-A8A9-66B3E3CC5319}.Debug|Any CPU.ActiveCfg = Debug|Any CPU
		{3038CE2B-867B-4834-A8A9-66B3E3CC5319}.Debug|Any CPU.Build.0 = Debug|Any CPU
		{3038CE2B-867B-4834-A8A9-66B3E3CC5319}.Release|Any CPU.ActiveCfg = Release|Any CPU
		{3038CE2B-867B-4834-A8A9-66B3E3CC5319}.Release|Any CPU.Build.0 = Release|Any CPU
		{AFAE588C-6285-4806-83C1-3611F0610812}.Debug|Any CPU.ActiveCfg = Debug|Any CPU
		{AFAE588C-6285-4806-83C1-3611F0610812}.Debug|Any CPU.Build.0 = Debug|Any CPU
		{AFAE588C-6285-4806-83C1-3611F0610812}.Release|Any CPU.ActiveCfg = Release|Any CPU
		{AFAE588C-6285-4806-83C1-3611F0610812}.Release|Any CPU.Build.0 = Release|Any CPU
		{797C6162-06A2-4B93-8A15-54DF60A74E28}.Debug|Any CPU.ActiveCfg = Debug|Any CPU
		{797C6162-06A2-4B93-8A15-54DF60A74E28}.Debug|Any CPU.Build.0 = Debug|Any CPU
		{797C6162-06A2-4B93-8A15-54DF60A74E28}.Release|Any CPU.ActiveCfg = Release|Any CPU
		{797C6162-06A2-4B93-8A15-54DF60A74E28}.Release|Any CPU.Build.0 = Release|Any CPU
	EndGlobalSection
	GlobalSection(SolutionProperties) = preSolution
		HideSolutionNode = FALSE
	EndGlobalSection
	GlobalSection(ExtensibilityGlobals) = postSolution
		SolutionGuid = {706F32E3-8C81-408F-8447-C5F04B1EB792}
	EndGlobalSection
EndGlobal
